
Microsoft Visual Studio Solution File, Format Version 12.00
# Visual Studio Version 18
VisualStudioVersion = 18.1.11312.151
MinimumVisualStudioVersion = 10.0.40219.1
Project("{FAE04EC0-301F-11D3-BF4B-00C04F79EFBC}") = "LFM.Core", "LFM.Core\LFM.Core.csproj", "{4FF3ABED-3056-4F6B-B4DD-69B921360ACB}"
EndProject
Project("{2150E333-8FDC-42A3-9474-1A3956D46DE8}") = "Tests", "Tests", "{02EA681E-C7D8-13C7-8484-4AC65E1B71E8}"
EndProject
Project("{FAE04EC0-301F-11D3-BF4B-00C04F79EFBC}") = "LFM.FileSorter.UI", "LFM.FileParser.UI\LFM.FileSorter.UI.csproj", "{A4166008-7488-45C1-9188-CE4A9C9FB65B}"
EndProject
Project("{FAE04EC0-301F-11D3-BF4B-00C04F79EFBC}") = "LFM.FileGenerator", "LFM.FileGenerator.UI\LFM.FileGenerator.csproj", "{06D46620-E04B-4FB1-9F2A-BAADC84463EB}"
EndProject
Project("{FAE04EC0-301F-11D3-BF4B-00C04F79EFBC}") = "LFM.FileGenerator.Tests", "LFM.FileGenerator.UI.Tests\LFM.FileGenerator.Tests.csproj", "{B6A9AF9A-6D08-409F-AF4B-1581DC108743}"
EndProject
Project("{FAE04EC0-301F-11D3-BF4B-00C04F79EFBC}") = "LFM.FileSorter.UI.Tests", "LFM.FileSorter.UI.Tests\LFM.FileSorter.UI.Tests.csproj", "{22B95FBE-CCDA-4B5E-A155-E61B389F8117}"
EndProject
Global
	GlobalSection(SolutionConfigurationPlatforms) = preSolution
		Debug|Any CPU = Debug|Any CPU
		Release|Any CPU = Release|Any CPU
	EndGlobalSection
	GlobalSection(ProjectConfigurationPlatforms) = postSolution
		{4FF3ABED-3056-4F6B-B4DD-69B921360ACB}.Debug|Any CPU.ActiveCfg = Debug|Any CPU
		{4FF3ABED-3056-4F6B-B4DD-69B921360ACB}.Debug|Any CPU.Build.0 = Debug|Any CPU
		{4FF3ABED-3056-4F6B-B4DD-69B921360ACB}.Release|Any CPU.ActiveCfg = Release|Any CPU
		{4FF3ABED-3056-4F6B-B4DD-69B921360ACB}.Release|Any CPU.Build.0 = Release|Any CPU
		{A4166008-7488-45C1-9188-CE4A9C9FB65B}.Debug|Any CPU.ActiveCfg = Debug|Any CPU
		{A4166008-7488-45C1-9188-CE4A9C9FB65B}.Debug|Any CPU.Build.0 = Debug|Any CPU
		{A4166008-7488-45C1-9188-CE4A9C9FB65B}.Release|Any CPU.ActiveCfg = Release|Any CPU
		{A4166008-7488-45C1-9188-CE4A9C9FB65B}.Release|Any CPU.Build.0 = Release|Any CPU
		{06D46620-E04B-4FB1-9F2A-BAADC84463EB}.Debug|Any CPU.ActiveCfg = Debug|Any CPU
		{06D46620-E04B-4FB1-9F2A-BAADC84463EB}.Debug|Any CPU.Build.0 = Debug|Any CPU
		{06D46620-E04B-4FB1-9F2A-BAADC84463EB}.Release|Any CPU.ActiveCfg = Release|Any CPU
		{06D46620-E04B-4FB1-9F2A-BAADC84463EB}.Release|Any CPU.Build.0 = Release|Any CPU
		{B6A9AF9A-6D08-409F-AF4B-1581DC108743}.Debug|Any CPU.ActiveCfg = Debug|Any CPU
		{B6A9AF9A-6D08-409F-AF4B-1581DC108743}.Debug|Any CPU.Build.0 = Debug|Any CPU
		{B6A9AF9A-6D08-409F-AF4B-1581DC108743}.Release|Any CPU.ActiveCfg = Release|Any CPU
		{B6A9AF9A-6D08-409F-AF4B-1581DC108743}.Release|Any CPU.Build.0 = Release|Any CPU
		{22B95FBE-CCDA-4B5E-A155-E61B389F8117}.Debug|Any CPU.ActiveCfg = Debug|Any CPU
		{22B95FBE-CCDA-4B5E-A155-E61B389F8117}.Debug|Any CPU.Build.0 = Debug|Any CPU
		{22B95FBE-CCDA-4B5E-A155-E61B389F8117}.Release|Any CPU.ActiveCfg = Release|Any CPU
		{22B95FBE-CCDA-4B5E-A155-E61B389F8117}.Release|Any CPU.Build.0 = Release|Any CPU
	EndGlobalSection
	GlobalSection(SolutionProperties) = preSolution
		HideSolutionNode = FALSE
	EndGlobalSection
	GlobalSection(NestedProjects) = preSolution
		{B6A9AF9A-6D08-409F-AF4B-1581DC108743} = {02EA681E-C7D8-13C7-8484-4AC65E1B71E8}
		{22B95FBE-CCDA-4B5E-A155-E61B389F8117} = {02EA681E-C7D8-13C7-8484-4AC65E1B71E8}
	EndGlobalSection
	GlobalSection(ExtensibilityGlobals) = postSolution
		SolutionGuid = {FB38AD0C-8630-4E25-BE81-E741B61DF19E}
	EndGlobalSection
EndGlobal
